{
  "version": "2",
  "remote": {
    "https://deno.land/std@0.167.0/async/abortable.ts": "80b2ac399f142cc528f95a037a7d0e653296352d95c681e284533765961de409",
    "https://deno.land/std@0.167.0/async/deadline.ts": "2c2deb53c7c28ca1dda7a3ad81e70508b1ebc25db52559de6b8636c9278fd41f",
    "https://deno.land/std@0.167.0/async/debounce.ts": "60301ffb37e730cd2d6f9dadfd0ecb2a38857681bd7aaf6b0a106b06e5210a98",
    "https://deno.land/std@0.167.0/async/deferred.ts": "77d3f84255c3627f1cc88699d8472b664d7635990d5358c4351623e098e917d6",
    "https://deno.land/std@0.167.0/async/delay.ts": "5a9bfba8de38840308a7a33786a0155a7f6c1f7a859558ddcec5fe06e16daf57",
    "https://deno.land/std@0.167.0/async/mod.ts": "7809ad4bb223e40f5fdc043e5c7ca04e0e25eed35c32c3c32e28697c553fa6d9",
    "https://deno.land/std@0.167.0/async/mux_async_iterator.ts": "770a0ff26c59f8bbbda6b703a2235f04e379f73238e8d66a087edc68c2a2c35f",
    "https://deno.land/std@0.167.0/async/pool.ts": "6854d8cd675a74c73391c82005cbbe4cc58183bddcd1fbbd7c2bcda42b61cf69",
    "https://deno.land/std@0.167.0/async/retry.ts": "e8e5173623915bbc0ddc537698fa418cf875456c347eda1ed453528645b42e67",
    "https://deno.land/std@0.167.0/async/tee.ts": "3a47cc4e9a940904fd4341f0224907e199121c80b831faa5ec2b054c6d2eff5e",
    "https://deno.land/std@0.167.0/http/server.ts": "e99c1bee8a3f6571ee4cdeb2966efad465b8f6fe62bec1bdb59c1f007cc4d155",
    "https://esm.sh/@guardian/libs@11.1.1": "48728ea62e538e3330534bd33f942b43497abac2d077db99640b0059f13a2d26",
    "https://esm.sh/@guardian/source-foundations@8.0.0": "358ea9f9d69988dd06f1418794b6f6f61173dd2ec79b009bcceed37d7ccbc2df",
    "https://esm.sh/linkedom@0.14.16": "9113d994e8360df5ce3607a35f882ef1023821c1e4141f87a123e5cd42f2cca7",
    "https://esm.sh/v130/@guardian/libs@11.1.1/denonext/libs.mjs": "705bcd40d9b294b935bf4643241936de18cfcacf65e22ed50924df56ba495e28",
    "https://esm.sh/v130/@guardian/source-foundations@8.0.0/denonext/source-foundations.mjs": "69c67dd34afcd7f2ed1a8fe22795378c59374e1a81f1d8a4f283fd8d2d20febd",
    "https://esm.sh/v130/boolbase@1.0.0/denonext/boolbase.mjs": "4e3bd67e9b1c5c55094eae98345d0107c6a44ef57bd3d4b9579698fa44722280",
    "https://esm.sh/v130/canvas@2.11.2/denonext/canvas.mjs": "4245b1d01d91b5e807b85e40e98efe28c93634260bd8cb5ac0da71c42098a1a4",
    "https://esm.sh/v130/css-select@5.1.0/denonext/css-select.mjs": "2b78a5922d67baf089161edbdfb88cc32bc103cef9022604248b1eb7beeb7508",
    "https://esm.sh/v130/css-what@6.1.0/denonext/css-what.mjs": "283d02df6fef73d3223b55324b559b363dd0e4c008ea1efbcf9f14b8f2642202",
    "https://esm.sh/v130/cssom@0.5.0/denonext/cssom.mjs": "c4216df78cba2c7be94853258b6b28c681e60ff89d4aeb3149b0ac91302be428",
    "https://esm.sh/v130/dom-serializer@2.0.0/denonext/dom-serializer.mjs": "0c6c6178ae63afea0c1b9efe30c086a57f4014f8d15fcb482e2ade889b72fca3",
    "https://esm.sh/v130/domelementtype@2.3.0/denonext/domelementtype.mjs": "371936c356d5ac797f2ce3a66b98dfc73e6fff0e095b2858b85668e6ad7d10e0",
    "https://esm.sh/v130/domhandler@5.0.3/denonext/domhandler.mjs": "ee6bcae3bdc3bd7a0f125cd6db6f862abe96389cf26b14db014931de01dd212d",
    "https://esm.sh/v130/domutils@3.1.0/denonext/domutils.mjs": "a6a4b1ae2cb5ea24c42a276f0f589eb2432899dd59af0c90ce13da0297b35d55",
    "https://esm.sh/v130/entities@4.5.0/denonext/entities.mjs": "ecd26e1d8c8b97abb78810721f9ac41039743e6903f4abae6375f1c3e6ea55a5",
    "https://esm.sh/v130/entities@4.5.0/denonext/lib/decode.js": "7fea6d8bd725edbbf7ea05031d2ea1bbbc1166dc11e3345d541198dd2dc16f1e",
    "https://esm.sh/v130/entities@4.5.0/denonext/lib/escape.js": "7ebdc622bf3618bab25db40da4a49e2b9d03f044745f125f0bc3359f2d060def",
    "https://esm.sh/v130/htmlparser2@8.0.2/denonext/htmlparser2.mjs": "86485bc3df8e6500954be1f7afca3de1c1e1bd5c62a65b427524185b356b7730",
    "https://esm.sh/v130/linkedom@0.14.16/denonext/linkedom.mjs": "608d814f311af3f07d86b816209093e15efc4401a98d14ad01e2341178d165d7",
    "https://esm.sh/v130/mini-svg-data-uri@1.4.4/denonext/mini-svg-data-uri.mjs": "7c64e9386be5956cf06f2f4f66b43b86a1521b0580694336ed0942f28cbf75d2",
    "https://esm.sh/v130/nth-check@2.1.1/denonext/nth-check.mjs": "759eee1446f0a783dfb37f0ee7eaca118e35d068f0d359bf4cd5a0196c8c9a0e",
    "https://esm.sh/v130/uhyphen@0.1.0/denonext/uhyphen.mjs": "9d42fd99d8f00cc9ce5f857ed6edf62ca2b07199d76d58aaafca61c7b5915338",
    "https://esm.sh/v130/zod@3.20.2/denonext/zod.mjs": "15a11a5b8acaa740c0369d55d532777d2aafade713967f96ba9ff4cd9af4580c",
    "https://esm.sh/zod@3.20.2": "72833ec9f1eb04d84a7ce9ad286698536c786a8a21c7cc7e576459951d25a299",
    "https://unpkg.com/lightningcss-wasm@1.14.0/browserslistToTargets.js": "9f4353a4750e014a5a4ccff03b0ab9f306961f7ce34de8f396e7a06f70ecde97",
    "https://unpkg.com/lightningcss-wasm@1.14.0/index.js": "a606086cd57f9ab807dfb7d53b6d67a686893266fbfc6d316815559c74f1d3ed",
    "https://unpkg.com/lightningcss-wasm@1.14.0/lightningcss_node.js": "91e320011406d06d403de9d36ac9cfc3c52a515957fde2122e796a5cfc0fd4ed"
  }
}
