{
  "version": "2",
  "remote": {
    "https://deno.land/std@0.153.0/_deno_unstable.ts": "4ddb8672d49d58b5bbc4a5a7a2f1b3bce4fd06aa4c8b8476728334391667de7b",
    "https://deno.land/std@0.153.0/_util/assert.ts": "e94f2eb37cebd7f199952e242c77654e43333c1ac4c5c700e929ea3aa5489f74",
    "https://deno.land/std@0.153.0/async/abortable.ts": "87aa7230be8360c24ad437212311c9e8d4328854baec27b4c7abb26e85515c06",
    "https://deno.land/std@0.153.0/async/deadline.ts": "48ac998d7564969f3e6ec6b6f9bf0217ebd00239b1b2292feba61272d5dd58d0",
    "https://deno.land/std@0.153.0/async/debounce.ts": "de5433bff08a2bb61416fc53b3bd2d5867090c8a815465e5b4a10a77495b1051",
    "https://deno.land/std@0.153.0/async/deferred.ts": "c01de44b9192359cebd3fe93273fcebf9e95110bf3360023917da9a2d1489fae",
    "https://deno.land/std@0.153.0/async/delay.ts": "d5a169caede8e1c5d46b3f25eab97db5fd1ab193fc82a53bafd3642ac42ca3c7",
    "https://deno.land/std@0.153.0/async/mod.ts": "dd0a8ed4f3984ffabe2fcca7c9f466b7932d57b1864ffee148a5d5388316db6b",
    "https://deno.land/std@0.153.0/async/mux_async_iterator.ts": "3447b28a2a582224a3d4d3596bccbba6e85040da3b97ed64012f7decce98d093",
    "https://deno.land/std@0.153.0/async/pool.ts": "ef9eb97b388543acbf0ac32647121e4dbe629236899586c4d4311a8770fbb239",
    "https://deno.land/std@0.153.0/async/tee.ts": "d27680d911816fcb3d231e16d690e7588079e66a9b2e5ce8cc354db94fdce95f",
    "https://deno.land/std@0.153.0/bytes/bytes_list.ts": "aba5e2369e77d426b10af1de0dcc4531acecec27f9b9056f4f7bfbf8ac147ab4",
    "https://deno.land/std@0.153.0/bytes/equals.ts": "3c3558c3ae85526f84510aa2b48ab2ad7bdd899e2e0f5b7a8ffc85acb3a6043a",
    "https://deno.land/std@0.153.0/bytes/mod.ts": "763f97d33051cc3f28af1a688dfe2830841192a9fea0cbaa55f927b49d49d0bf",
    "https://deno.land/std@0.153.0/fmt/colors.ts": "ff7dc9c9f33a72bd48bc24b21bbc1b4545d8494a431f17894dbc5fe92a938fc4",
    "https://deno.land/std@0.153.0/io/buffer.ts": "8232dcd8c4c7f14b95f28444454ad63750267be23e0fd7f88320c68b0f87a3b5",
    "https://deno.land/std@0.153.0/io/types.d.ts": "0cae3a62da7a37043661746c65c021058bae020b54e50c0e774916e5d4baee43",
    "https://deno.land/std@0.153.0/node/_utils.ts": "6a695598008a7bdf820b0785f3bc2fcbedbb48803365ae787e523e05b182cf73",
    "https://deno.land/std@0.153.0/node/perf_hooks.ts": "521454a3e74f0af6a2aad91fa59a22a2c7be19698106a0fbbbcf22ac33764105",
    "https://deno.land/std@0.153.0/streams/conversion.ts": "fc4eb76a14148c43f0b85e903a5a1526391aa40ed9434dc21e34f88304eb823e",
    "https://deno.land/std@0.153.0/testing/_diff.ts": "141f978a283defc367eeee3ff7b58aa8763cf7c8e0c585132eae614468e9d7b8",
    "https://deno.land/std@0.153.0/testing/_format.ts": "cd11136e1797791045e639e9f0f4640d5b4166148796cad37e6ef75f7d7f3832",
    "https://deno.land/std@0.153.0/testing/asserts.ts": "d6595cfc330b4233546a047a0d7d57940771aa9d97a172ceb91e84ae6200b3af",
    "https://deno.land/std@0.167.0/async/abortable.ts": "80b2ac399f142cc528f95a037a7d0e653296352d95c681e284533765961de409",
    "https://deno.land/std@0.167.0/async/deadline.ts": "2c2deb53c7c28ca1dda7a3ad81e70508b1ebc25db52559de6b8636c9278fd41f",
    "https://deno.land/std@0.167.0/async/debounce.ts": "60301ffb37e730cd2d6f9dadfd0ecb2a38857681bd7aaf6b0a106b06e5210a98",
    "https://deno.land/std@0.167.0/async/deferred.ts": "77d3f84255c3627f1cc88699d8472b664d7635990d5358c4351623e098e917d6",
    "https://deno.land/std@0.167.0/async/delay.ts": "5a9bfba8de38840308a7a33786a0155a7f6c1f7a859558ddcec5fe06e16daf57",
    "https://deno.land/std@0.167.0/async/mod.ts": "7809ad4bb223e40f5fdc043e5c7ca04e0e25eed35c32c3c32e28697c553fa6d9",
    "https://deno.land/std@0.167.0/async/mux_async_iterator.ts": "770a0ff26c59f8bbbda6b703a2235f04e379f73238e8d66a087edc68c2a2c35f",
    "https://deno.land/std@0.167.0/async/pool.ts": "6854d8cd675a74c73391c82005cbbe4cc58183bddcd1fbbd7c2bcda42b61cf69",
    "https://deno.land/std@0.167.0/async/retry.ts": "e8e5173623915bbc0ddc537698fa418cf875456c347eda1ed453528645b42e67",
    "https://deno.land/std@0.167.0/async/tee.ts": "3a47cc4e9a940904fd4341f0224907e199121c80b831faa5ec2b054c6d2eff5e",
    "https://deno.land/std@0.167.0/http/server.ts": "e99c1bee8a3f6571ee4cdeb2966efad465b8f6fe62bec1bdb59c1f007cc4d155",
    "https://esm.sh/@guardian/libs@8.0.5": "2aa4b3c48b85e17c225f72785a80aa60c3e0577049e1476912ad97d0686a36da",
    "https://esm.sh/@guardian/source-foundations@5.3.0": "bfc19a3228e9275ca30ad4100e23431f3ba435f792b4df8aaee3090b761203ea",
    "https://esm.sh/lightningcss-wasm@1.14.0/index.js": "8592fbdc22ecde02ca568a511b2278d831c427143a425e6106706c557c4fecd6",
    "https://esm.sh/linkedom@0.14.16": "a9e48c4a3a6213d1b10292b924cd35aeb706b8ed7792e125f57d68d3bd29ee82",
    "https://esm.sh/v90/zod@3.17.10/deno/zod.js": "851940aa7c5b29ee6fbffde53e3bd38ffc7b2d0d79853d42b0df565fa4c1dc21",
    "https://esm.sh/v90/zod@3.17.10/index.d.ts": "b51c954b9557b1dcb03b2bf34cd136e710cb9aa276e686cac0e291249590a52a",
    "https://esm.sh/v90/zod@3.17.10/lib/ZodError.d.ts": "9a3988363f6f28e4212bd2797808747fd91af7d0a2e239e25cc43308a2acba8f",
    "https://esm.sh/v90/zod@3.17.10/lib/external.d.ts": "5b932531837e141f3280d2440b94e65c7322327e04d6f1187dd1a8487f867d3e",
    "https://esm.sh/v90/zod@3.17.10/lib/helpers/enumUtil.d.ts": "f672c876c1a04a223cf2023b3d91e8a52bb1544c576b81bf64a8fec82be9969c",
    "https://esm.sh/v90/zod@3.17.10/lib/helpers/errorUtil.d.ts": "014b34d4c2ef27191fdf3feabb6557ec92127f813910725b6e79ed9a49e466b6",
    "https://esm.sh/v90/zod@3.17.10/lib/helpers/parseUtil.d.ts": "9a831573b186d913287ea50fde1e5503be89828baa0805e1794746f0fa647ee6",
    "https://esm.sh/v90/zod@3.17.10/lib/helpers/partialUtil.d.ts": "7da6f1e431746c5364ebe6703f5d3a844ab0495e2a8cedc0a29cced52d6284a1",
    "https://esm.sh/v90/zod@3.17.10/lib/helpers/typeAliases.d.ts": "9afae14803f3b7343ed6d193173008715c1fa3421a353a818c805244ed737a84",
    "https://esm.sh/v90/zod@3.17.10/lib/helpers/util.d.ts": "be7cfc73e84efd3b57e8ef6a9d59bd0292ed1fe86519790525c6ba5e0ba8b8c7",
    "https://esm.sh/v90/zod@3.17.10/lib/index.d.ts": "0f86f053aecd06054359e146b6cd800fee9bf82905f8afb47f1fe774fd37311e",
    "https://esm.sh/v90/zod@3.17.10/lib/types.d.ts": "30b8e568708ada196b5eaa868c3fbb30eb06132a55d21e6980c99a761cdd2c1c",
    "https://esm.sh/v96/@guardian/libs@8.0.5/cjs/ArticleElementRole/ArticleElementRole.d.ts": "18162f063b41b9d23f3d04c8db2c9a86ad52c5771b4847a9e9a3b6c5208df2a5",
    "https://esm.sh/v96/@guardian/libs@8.0.5/cjs/Country-0032b261.d.ts": "1e7308011167b6e04c82dd5d5606841fda5e8fd1a08c3d75e3ad109dd74a27fa",
    "https://esm.sh/v96/@guardian/libs@8.0.5/cjs/CountryCode-41f3da99.d.ts": "2f9694040ae6eb5962f23f08feac68d1489f4d25947c801dc42ca42560c67bb7",
    "https://esm.sh/v96/@guardian/libs@8.0.5/cjs/Switches-0d9e3ade.d.ts": "7ccca520d3717003b81640b28d084e089927d0ceeb3c89729a9ac5d43ac30bec",
    "https://esm.sh/v96/@guardian/libs@8.0.5/cjs/cookies/getCookie.d.ts": "7e37c498a4fd60ebc28b551b22fe79edec347dfba0a66958af514bf293a1afb2",
    "https://esm.sh/v96/@guardian/libs@8.0.5/cjs/cookies/removeCookie.d.ts": "1c00afba073caa860448309837b22c4b8dca599be1b64a15b127cc1c4ab51d3e",
    "https://esm.sh/v96/@guardian/libs@8.0.5/cjs/cookies/setCookie.d.ts": "6b7b35771b03f207a008678f1475e1b21c364712d1a78d9ad16702564a986925",
    "https://esm.sh/v96/@guardian/libs@8.0.5/cjs/cookies/setSessionCookie.d.ts": "3af414c6b7b5c9e05a24244c47c207adb8e6a6e5f79befc1b6f1a4baff97c850",
    "https://esm.sh/v96/@guardian/libs@8.0.5/cjs/coreWebVitals/index.d.ts": "e758684dedc49ab06d27c6f6ab33dbc390b0d93c3317af30f50940c8d28272d7",
    "https://esm.sh/v96/@guardian/libs@8.0.5/cjs/countries/countries.d.ts": "99ee73be264d35dea0b86545088b039b0b060c7f8bc669cdf88308f690070afd",
    "https://esm.sh/v96/@guardian/libs@8.0.5/cjs/countries/getCountryByCountryCode.d.ts": "07da113f325303e30030f0523f4201e7a1c61ee0d1f844993ddf6af3ee68bfdb",
    "https://esm.sh/v96/@guardian/libs@8.0.5/cjs/datetime/timeAgo.d.ts": "be87f329f108935672902d91080b5a3cd8875b49a9273a261c9daa472250eeef",
    "https://esm.sh/v96/@guardian/libs@8.0.5/cjs/format/ArticleDesign.d.ts": "1783ea8ed92cd44c8033ac0776342cc29faeed32bb55dd56c59f4ce8a30efafb",
    "https://esm.sh/v96/@guardian/libs@8.0.5/cjs/format/ArticleDisplay.d.ts": "61c29cac54f04b9bc4d5b10c3bed34c3c4072acc751fd8781510fe98089a3045",
    "https://esm.sh/v96/@guardian/libs@8.0.5/cjs/format/ArticlePillar.d.ts": "4bd883065f9739ddd952120123c84e21ab7ed7e694861e15144d735a4022f34c",
    "https://esm.sh/v96/@guardian/libs@8.0.5/cjs/format/ArticleSpecial.d.ts": "e04396662e17c2552d18a6debf8467f8990347ee5fa92ef5e528e706afc70db4",
    "https://esm.sh/v96/@guardian/libs@8.0.5/cjs/index.d.ts": "8ba274d8f7527bad480ed88aef5bda3e65a89e5e72ad0e95626dc40e4726c54a",
    "https://esm.sh/v96/@guardian/libs@8.0.5/cjs/isBoolean/isBoolean.d.ts": "9a476f7b4889d46a5d74c560741919632b966b845da8b3d962ef1a67b32ffc6a",
    "https://esm.sh/v96/@guardian/libs@8.0.5/cjs/isObject/isObject.d.ts": "f8179266ca523425b24376e70737fbc42cfb9aa4b80dda110fe045c211f801fc",
    "https://esm.sh/v96/@guardian/libs@8.0.5/cjs/isString/isString.d.ts": "0c4be634f7b8f148cc2e3c605cb2d328997921a5f12b4aebbfdd29dfcdaffe41",
    "https://esm.sh/v96/@guardian/libs@8.0.5/cjs/isUndefined/isUndefined.d.ts": "92ba58b78ec9f812bdedd6bd2930a4f0c62667e4d8e87ad8d180e8286f706b12",
    "https://esm.sh/v96/@guardian/libs@8.0.5/cjs/joinUrl/joinUrl.d.ts": "581d39e9e4b2cb1db38826436d012f00be9db7b6964fec6648254faaa7ee1c85",
    "https://esm.sh/v96/@guardian/libs@8.0.5/cjs/loadScript/loadScript.d.ts": "c812c503aed95213a865f3b0673cd14bd3a435e1f476ff52f115ebf2033ba09f",
    "https://esm.sh/v96/@guardian/libs@8.0.5/cjs/locale/getLocale.d.ts": "5a32def3f28d30e1211ca986cc54822f8ad5e0133161d6067053497623433ecb",
    "https://esm.sh/v96/@guardian/libs@8.0.5/cjs/logger-2bed627e.d.ts": "bc718fc0dce50833e73c64d95c2cae71678b6046f6a26b056127c8e603dd022d",
    "https://esm.sh/v96/@guardian/libs@8.0.5/cjs/logger/debug.d.ts": "bfc6b657d54dc506c854a47c4d1371a1d0d5cce994aca22e0321b84a3a5a3e3c",
    "https://esm.sh/v96/@guardian/libs@8.0.5/cjs/logger/log.d.ts": "9f5951cb359ee7dd70294af6d5797b813851173d3aca3655a838180ac77a47c4",
    "https://esm.sh/v96/@guardian/libs@8.0.5/cjs/logger/teamStyles.d.ts": "92f1d8a17df8c03632d5793f3e6c498e765f456f76349a57e6cda634550c2acd",
    "https://esm.sh/v96/@guardian/libs@8.0.5/cjs/storage/storage.d.ts": "1f2201b1f7ddbe5978c78fd3503197f9808e987d4da8d6543cab44d9034e42aa",
    "https://esm.sh/v96/@guardian/libs@8.0.5/cjs/switches/getSwitches.d.ts": "9d5b08c909ed6cad6ce7fe78c1eb380ce580d569b64ed71437709d81057714f4",
    "https://esm.sh/v96/@guardian/libs@8.0.5/deno/libs.js": "41a092e7fcb77ea51bedf85fb1c00771f76309466cda54c4883ec5d905110494",
    "https://esm.sh/v96/@guardian/source-foundations@5.3.0/deno/source-foundations.js": "20fa44e2e3e6cd4578d0d87564fea3fe6d4fe703a32d08c8f32bceb3e46fdf2d",
    "https://esm.sh/v96/@guardian/source-foundations@5.3.0/dist/cjs/accessibility/description-id.d.ts": "ffc968a80820bf7cf4e62235ac2b8d3b0ea564d3fe394e7c2a980672b05e7180",
    "https://esm.sh/v96/@guardian/source-foundations@5.3.0/dist/cjs/accessibility/focus-halo.d.ts": "f0a8f8580113867c88f898525d672ed962eed4c2ae7c2cb28f946c7910c9d807",
    "https://esm.sh/v96/@guardian/source-foundations@5.3.0/dist/cjs/accessibility/focus-style-manager.d.ts": "c83b2c618486d02a16a225f71efe76fbc5aa36af744659f3e42b0c04f407980f",
    "https://esm.sh/v96/@guardian/source-foundations@5.3.0/dist/cjs/accessibility/generate-source-id.d.ts": "461ab2d62287a275d6554d4c056aa7d0ead87d4c0efd64bde450a7222299e8ce",
    "https://esm.sh/v96/@guardian/source-foundations@5.3.0/dist/cjs/accessibility/visually-hidden.d.ts": "79657accf5f02b9d028e806833f06a5edf8d0877d6d2cd710e92561dca48052b",
    "https://esm.sh/v96/@guardian/source-foundations@5.3.0/dist/cjs/animation/transitions.d.ts": "5a1da7b3d11a1258ed6560729e94877d29a9a7b14aa6e6859c5130a5bd7de922",
    "https://esm.sh/v96/@guardian/source-foundations@5.3.0/dist/cjs/breakpoints/breakpoints.d.ts": "4f4387c98fcb9d996fc9c7844aec9438564966d52ab56582d2d42b95c5ffb0ef",
    "https://esm.sh/v96/@guardian/source-foundations@5.3.0/dist/cjs/colour/palette.d.ts": "29807d0019260f3008bc7c7b38dd522158abc0b9409947e203445068e124c7ca",
    "https://esm.sh/v96/@guardian/source-foundations@5.3.0/dist/cjs/index.d.ts": "ac61988701bb584634386f266fc69c73fac2c65cd204ad34318a655d6c48166c",
    "https://esm.sh/v96/@guardian/source-foundations@5.3.0/dist/cjs/mq/mq.d.ts": "4dcea4cc579265c7b62440187df664ff7546003aafa177c6d96c0566a8df7641",
    "https://esm.sh/v96/@guardian/source-foundations@5.3.0/dist/cjs/size/size.d.ts": "f329d336b4ccb72c23a3b408a500ce81a5e820051c6dc8d351b3d77dd3c2334e",
    "https://esm.sh/v96/@guardian/source-foundations@5.3.0/dist/cjs/space/space.d.ts": "91856acbe59b44385e7681fdd512f68aa01970c398fc7910c5ef087de260f136",
    "https://esm.sh/v96/@guardian/source-foundations@5.3.0/dist/cjs/types-320a3b37.d.ts": "6b6ee17495b79e347792a6ed4e3ef70868003b89d6bf4f4c60719be7ef543d08",
    "https://esm.sh/v96/@guardian/source-foundations@5.3.0/dist/cjs/typography/api.d.ts": "ec31d191c53c6d710e36e8e9dd279d91ce7ee1fa1aee2ecff78c19599f3ef400",
    "https://esm.sh/v96/@guardian/source-foundations@5.3.0/dist/cjs/typography/data.d.ts": "a7bd012335b7cc0e1cfddf34d78efcde809e058371d13977ed6e85fb6c99310e",
    "https://esm.sh/v96/@guardian/source-foundations@5.3.0/dist/cjs/typography/index.d.ts": "3deee092280835d2b3ed5c6a43dc6d7f21a6cc2d2cccf43471834107f90d1670",
    "https://esm.sh/v96/@guardian/source-foundations@5.3.0/dist/cjs/utils/px-to-rem.d.ts": "17f73bfa59ef4e5f3b5ce3dd0c9a77aab9e8fbcd3b5d97c8bd54d4338dfdb6d8",
    "https://esm.sh/v96/@guardian/source-foundations@5.3.0/dist/cjs/utils/resets.d.ts": "e1560a02584a9e1ca78cdec1b4fdfbe2971e78b715a7d570506b969c92da0f55",
    "https://esm.sh/v96/@guardian/source-foundations@5.3.0/dist/cjs/utils/supports-queries.d.ts": "36a76b427093dbb9efa377562f025db49a4f4b277554f56e1a6569417fba5995",
    "https://esm.sh/v96/@guardian/source-foundations@5.3.0/dist/cjs/utils/svg-background-image.d.ts": "9bdb95096968d2ea9fba11c773c2037d55d07f58a71901452975b19b72bcaf83",
    "https://esm.sh/v96/boolbase@1.0.0/deno/boolbase.js": "c2de9c6051e43e825cebf96303dccc8c84d84db898ee48f19cb64a52df887f31",
    "https://esm.sh/v96/canvas@2.10.1/deno/canvas.js": "44b5ad0c70281fbf1ca4fafde5cda71d165827dbc8802b9c6cbb38cf97233394",
    "https://esm.sh/v96/css-select@5.1.0/deno/css-select.js": "a766f5ee925e10ac94c0052c0368e2a5fc13987221616e7b1b0056a1747d1d7a",
    "https://esm.sh/v96/css-what@6.1.0/deno/css-what.js": "b748f3252b086c97e0acf4dcb786fd65e786d9c269e095a6454bbc9cd64bcfe3",
    "https://esm.sh/v96/cssom@0.5.0/deno/cssom.js": "7e95364494c05d636ba66d7a2bfaddfa9a2b0de1b53e9dc54ff7073451bba060",
    "https://esm.sh/v96/dom-serializer@2.0.0/deno/dom-serializer.js": "ebe65563995bb49e5e54be0cbb971e265f10c9c24bb050d131b7b3c6182331c3",
    "https://esm.sh/v96/domelementtype@2.3.0/deno/domelementtype.js": "2bbc5ada9929825ac019e137ffdb26fcf04e3eaccaf0e8d6786cd1b8bb8b8f63",
    "https://esm.sh/v96/domhandler@5.0.3/deno/domhandler.js": "4440785feffcb09a799691bfbd75718071f02631095f768571533f0515c033aa",
    "https://esm.sh/v96/domutils@3.0.1/deno/domutils.js": "c82f83e472a51f46a57b3239d140df1fecb09c00d6b96faa906b7a0dd3b3a261",
    "https://esm.sh/v96/entities@4.4.0/deno/entities.js": "05161bf9af2902fe664003cf33daaf2fbf0068de6b2c4db1239c0cb883bfd0db",
    "https://esm.sh/v96/entities@4.4.0/deno/lib/decode.js": "899639d51d3861f1dae620e9dfa4b8ca1651d34a1c9465dcfd7226dba31c2459",
    "https://esm.sh/v96/entities@4.4.0/deno/lib/escape.js": "3046762ed5a3ccdbb174c5595b1c15d3c0bde7e897130434d0dfca63a1af1aea",
    "https://esm.sh/v96/htmlparser2@8.0.1/deno/htmlparser2.js": "be465a6dfc67caf8e6447b3803de14bdc1917151b24be07d6d84099fecb8e110",
    "https://esm.sh/v96/lightningcss-wasm@1.14.0/deno/browserslistToTargets.js": "825af7196a0b1a0eae0b73ac5ce1c7b7cf8dba685c80ba99eb75074db71351d1",
    "https://esm.sh/v96/lightningcss-wasm@1.14.0/deno/index.js": "91b5686f756e2de6445a65d5d20322787afbdae956469ece43607d8d4b2b1bc6",
    "https://esm.sh/v96/lightningcss-wasm@1.14.0/deno/lightningcss_node.js": "6f5fb6f7c361c287ce22419c7149ee9acf5bf214737f7b48edb2af43687afaa7",
    "https://esm.sh/v96/lightningcss-wasm@1.14.0/index.d.ts": "6cb882611bd5ed0d593f69c52d360b4edcf5706e48c8ae76ddf82b15cb2e07f2",
    "https://esm.sh/v96/lightningcss-wasm@1.14.0/targets.d.ts": "af034fb0a61ea49392f92e2f5ab59f7e38b14f1f3c723ab5a277c65bbe26408b",
    "https://esm.sh/v96/linkedom@0.14.16/deno/linkedom.js": "f9553630efb4841d7442d350f917f2495cc524c6891d1152ab651d2c36e653f4",
    "https://esm.sh/v96/linkedom@0.14.16/types/esm/dom/parser.d.ts": "c60ecc623dd93910a50668a20b55f1d9ad5caa23af936a7f59a478e23467492e",
    "https://esm.sh/v96/linkedom@0.14.16/types/esm/html/anchor-element.d.ts": "8bcaf1ecf73af8bacb5cb382a1b75c1641175ba740d9d97c4d1d7c85e392d548",
    "https://esm.sh/v96/linkedom@0.14.16/types/esm/html/area-element.d.ts": "4765fbd1d58f74eea1cbf9da977cf0ec6ac4794fe749e6ac5ba42835bf38fb5e",
    "https://esm.sh/v96/linkedom@0.14.16/types/esm/html/audio-element.d.ts": "70f90797244ac0d7f1d7217a4cf5d084ce9c5a452778fe6bfbfc13f385735871",
    "https://esm.sh/v96/linkedom@0.14.16/types/esm/html/base-element.d.ts": "ed768f82ae3bf6c4c5f1df97f011ebf77524799fed2e533e50f8b7276e183ffa",
    "https://esm.sh/v96/linkedom@0.14.16/types/esm/html/body-element.d.ts": "5e9c88404224db99e0360df2928c73a1f89a92a10d6702bdd8575192055d20c6",
    "https://esm.sh/v96/linkedom@0.14.16/types/esm/html/br-element.d.ts": "321ac70ae41868699160733c1e0c04fec51eb906ee6d4c9a9ef94df637ee83f3",
    "https://esm.sh/v96/linkedom@0.14.16/types/esm/html/button-element.d.ts": "89487823edff51acb77bf8c0ae8bccd8d0573c509804affc49d3caa322903998",
    "https://esm.sh/v96/linkedom@0.14.16/types/esm/html/canvas-element.d.ts": "6d4ae26166480992fc5ab74dab48f639cb5268c76d8997bc754df5b1f2ad3ce5",
    "https://esm.sh/v96/linkedom@0.14.16/types/esm/html/d-list-element.d.ts": "a7a2e26ced2012dbdfcdeec871b4d82bf1efa9999ee82bc926536ee45d80a1c6",
    "https://esm.sh/v96/linkedom@0.14.16/types/esm/html/data-element.d.ts": "12f3a09d7a498cf55a1a4cec066f70d1a93436b35b88514a5c7ab0ad770341e9",
    "https://esm.sh/v96/linkedom@0.14.16/types/esm/html/data-list-element.d.ts": "a7395992018e0c10f3d543a80eb67c37112e051e00dd5907d6d9c391141da805",
    "https://esm.sh/v96/linkedom@0.14.16/types/esm/html/details-element.d.ts": "6286d6da09f2dacac76dc6f8e4041756ab4b3505d621db36f5e2bac042d7e25d",
    "https://esm.sh/v96/linkedom@0.14.16/types/esm/html/directory-element.d.ts": "0a518d3d8cf7f11f1dd310e9e8f200f7042dd97aa852bc71af693cf4fa573f36",
    "https://esm.sh/v96/linkedom@0.14.16/types/esm/html/div-element.d.ts": "118d866590eb246b40615b1cc8074c66e4d7c412153db798c55f9c0a4f51636e",
    "https://esm.sh/v96/linkedom@0.14.16/types/esm/html/document.d.ts": "fc6fe89143f5950527dc99f9280a614c9ecd735f43fa01a20050a5c0cc5c6bff",
    "https://esm.sh/v96/linkedom@0.14.16/types/esm/html/element.d.ts": "e66e87b06a83e45cc84606cdc32ce9876edf92314098b449cc649f989cb1b251",
    "https://esm.sh/v96/linkedom@0.14.16/types/esm/html/embed-element.d.ts": "fc246c0748d16b67147e8c753a9b9fab44d4205ed1b49dce99d05cef2b590b12",
    "https://esm.sh/v96/linkedom@0.14.16/types/esm/html/field-set-element.d.ts": "28e314a5030ae5fe19cf4347400c852eba85b95c0127bbe84ed71dbb9cee0328",
    "https://esm.sh/v96/linkedom@0.14.16/types/esm/html/font-element.d.ts": "abdfc7c7470c0bd9fb126d20be30e0ef151814519f708545ea412fee4f6e3296",
    "https://esm.sh/v96/linkedom@0.14.16/types/esm/html/form-element.d.ts": "18ae8498ff895f67df10604361664c4d0a67a40db81a32b048a9ae62ec1b62b9",
    "https://esm.sh/v96/linkedom@0.14.16/types/esm/html/frame-element.d.ts": "c88c7e73b2964143160ec23b3af1b29850417e3a2ef0f01bdef721c59c50029c",
    "https://esm.sh/v96/linkedom@0.14.16/types/esm/html/frame-set-element.d.ts": "7eb75209ba210df7e94c8a9c9d36f5471b298cf2793208a2d73e8b43dbd91657",
    "https://esm.sh/v96/linkedom@0.14.16/types/esm/html/head-element.d.ts": "625bf945dc118e6f0fd12333229b0b1e29a8b9b691f69bd9c0c9dbd518f81c4d",
    "https://esm.sh/v96/linkedom@0.14.16/types/esm/html/heading-element.d.ts": "4ad75e197c314290cd046d98d9ad47c893d0d397061e064329eec9f84a7de433",
    "https://esm.sh/v96/linkedom@0.14.16/types/esm/html/hr-element.d.ts": "54c27af4acdbaa3f38530a133fc5ec0c83815d0ff113c8d63d8a3deb090d59af",
    "https://esm.sh/v96/linkedom@0.14.16/types/esm/html/html-element.d.ts": "dce00833bff283a3e87881732f8b695cb7482f653f94b89244bc2ce7c5961f05",
    "https://esm.sh/v96/linkedom@0.14.16/types/esm/html/i-frame-element.d.ts": "1bf5e3f36bb2722f490b59fbe8cae942fd98ec40a26308f2161c0bc6840c0ad1",
    "https://esm.sh/v96/linkedom@0.14.16/types/esm/html/image-element.d.ts": "ad0cdfff322512a09c24112d28b89f0e665185888ca3e7656503a6993eb80fd7",
    "https://esm.sh/v96/linkedom@0.14.16/types/esm/html/input-element.d.ts": "8bcaa496af61210a17afead57202877d85a02b8bd49a6d599c523554abec1857",
    "https://esm.sh/v96/linkedom@0.14.16/types/esm/html/label-element.d.ts": "5aa7ccd180c2c82bc7e91de763fa72045519cd3a6ce2fce2d2ac52c7614fdc37",
    "https://esm.sh/v96/linkedom@0.14.16/types/esm/html/legend-element.d.ts": "08961496114ecdb2b6ce94ba2a3ad6fe52347ef0259b71a51fadafb5071f4559",
    "https://esm.sh/v96/linkedom@0.14.16/types/esm/html/li-element.d.ts": "dbed42b386b14b5ad080fdeed5c8d52c863cf0ae79fd16dab12942570c869720",
    "https://esm.sh/v96/linkedom@0.14.16/types/esm/html/link-element.d.ts": "3d1128f1bd85f6a2ab609c9a4a54caf8da9b7bddd4da2e5d0a7a03915ac61078",
    "https://esm.sh/v96/linkedom@0.14.16/types/esm/html/map-element.d.ts": "ee8a122664f5e7937855242611e1d6f3aec6a12aa7776db16bfcf33471c1019d",
    "https://esm.sh/v96/linkedom@0.14.16/types/esm/html/marquee-element.d.ts": "2c514bf878714c18802c21a62a0f1a47eb934d7a0e084ab5a9fd1f368c7ca77e",
    "https://esm.sh/v96/linkedom@0.14.16/types/esm/html/media-element.d.ts": "692752290db080fd3fd61a484c723e27fa12e09cec860226c33f15f5dfd6eade",
    "https://esm.sh/v96/linkedom@0.14.16/types/esm/html/menu-element.d.ts": "938097501f10421adf13a58599dd45b2b85e859d204e69930148475f7f271261",
    "https://esm.sh/v96/linkedom@0.14.16/types/esm/html/meta-element.d.ts": "1a8700cdd03e1a07673b58f857b19abcdfeb42f713dfba428610279aa9065d88",
    "https://esm.sh/v96/linkedom@0.14.16/types/esm/html/meter-element.d.ts": "6b60ff238d9a07e1caa5ba3f672dcfa9dd223880b885791ba027671f895507c7",
    "https://esm.sh/v96/linkedom@0.14.16/types/esm/html/mod-element.d.ts": "a90121eb8c57de494645ae6e3157e56b89c6a591056c1ec86f4f8a71e45c417a",
    "https://esm.sh/v96/linkedom@0.14.16/types/esm/html/o-list-element.d.ts": "daa7c3a48cf33711ee9c8c865472234940d8c39fc2155e155810a27f30e3f72f",
    "https://esm.sh/v96/linkedom@0.14.16/types/esm/html/object-element.d.ts": "04c5591672ad18e8ed193b0910806cf44bba02acb7fc2fee5248c88bad31413a",
    "https://esm.sh/v96/linkedom@0.14.16/types/esm/html/opt-group-element.d.ts": "81862f0a756fdef5e4226bfa0e44a692aa0aa1c8356269c8922aeb39be0313b7",
    "https://esm.sh/v96/linkedom@0.14.16/types/esm/html/option-element.d.ts": "9fcd93910a7c4c045b2c1e57e7ff4f4fa83967781d6e134a33ae6916a898244e",
    "https://esm.sh/v96/linkedom@0.14.16/types/esm/html/output-element.d.ts": "afd533d5daeaa340896f9c86e73d7e09fa3713fe0cb18b735884edb86ac69c0a",
    "https://esm.sh/v96/linkedom@0.14.16/types/esm/html/paragraph-element.d.ts": "7960c75a2dd967b9ea64b86aebd8f8a462f396e5a770e9edadae10d7abbcd9c3",
    "https://esm.sh/v96/linkedom@0.14.16/types/esm/html/param-element.d.ts": "759f3e84e3754b60f13bedbaf8ce46babed258c3db83962f7d6baadceb6596b7",
    "https://esm.sh/v96/linkedom@0.14.16/types/esm/html/picture-element.d.ts": "d1f62e149cf25d0780bb461061c0f5cba1de4cdc33a7230fb098a546481345d6",
    "https://esm.sh/v96/linkedom@0.14.16/types/esm/html/pre-element.d.ts": "c2158d28051ff2aa37fd6afebbe4c924c3850558ff3781de102ff9cfca863836",
    "https://esm.sh/v96/linkedom@0.14.16/types/esm/html/progress-element.d.ts": "5d0489c331e2d7c0c0d1b0d5f2af97e31e2057541f8064b2ea52e54d69f4d8fa",
    "https://esm.sh/v96/linkedom@0.14.16/types/esm/html/quote-element.d.ts": "632a4b97dba3c766b772b484a8911aa8b07476d4c42be775b9ed35575fe3e4b1",
    "https://esm.sh/v96/linkedom@0.14.16/types/esm/html/script-element.d.ts": "33daccf0d6628606b374d49386e57db60ebb7cb12830a5e57a37fb756cb443bd",
    "https://esm.sh/v96/linkedom@0.14.16/types/esm/html/select-element.d.ts": "6174d8200a4832dcede01bb4800db551b5e0c722f7dd26839de07459413e38ea",
    "https://esm.sh/v96/linkedom@0.14.16/types/esm/html/slot-element.d.ts": "f999de45d259f653704bfd15658657ebe490580f91ac186c384a9b5c552d51bd",
    "https://esm.sh/v96/linkedom@0.14.16/types/esm/html/source-element.d.ts": "86c50009cce58291eb3d31db5f5f1ffd1cf97fd492339e698e8310f7b047695c",
    "https://esm.sh/v96/linkedom@0.14.16/types/esm/html/span-element.d.ts": "bff95167f92ba81a026c00f24ad1201a4189b5ac3c18fdaf77f756e870f26b43",
    "https://esm.sh/v96/linkedom@0.14.16/types/esm/html/style-element.d.ts": "d8c64b600cb250bd526e27dc836b1cabb7c51ed5aca763b229962db625486203",
    "https://esm.sh/v96/linkedom@0.14.16/types/esm/html/table-caption-element.d.ts": "6f263985ce6576dbebbe14e158438681a8aae1137a5db2a6916b0d69400fa010",
    "https://esm.sh/v96/linkedom@0.14.16/types/esm/html/table-cell-element.d.ts": "713525429c03310678949df4b38e32af3d5b3dd82663e4ee19b611b235ad9c28",
    "https://esm.sh/v96/linkedom@0.14.16/types/esm/html/table-element.d.ts": "551cd35d7365e942d2e0cb9e079f8e7721d425e9b804b980a2d2c3585db3f8ec",
    "https://esm.sh/v96/linkedom@0.14.16/types/esm/html/table-row-element.d.ts": "a8ce834d27f9fb61dfc67f03fb904be8bd9e28264b7370984c775f2f387b3733",
    "https://esm.sh/v96/linkedom@0.14.16/types/esm/html/template-element.d.ts": "72f70880b9969dd95caafeedb41f4bc81eed973225eeee246d5443b0d0a47d6c",
    "https://esm.sh/v96/linkedom@0.14.16/types/esm/html/text-area-element.d.ts": "e39590b80494126fbc210e824e72c4017db141803c040d852d7e4d516e9a8524",
    "https://esm.sh/v96/linkedom@0.14.16/types/esm/html/text-element.d.ts": "e63bdaf90cb0e0e6aadd561138c10b5af0b439731c30bee08b8aedac8f6e128d",
    "https://esm.sh/v96/linkedom@0.14.16/types/esm/html/time-element.d.ts": "d48e2ae898d80d511df518542eb8b0338de692ce0337e650a10db24340c43be4",
    "https://esm.sh/v96/linkedom@0.14.16/types/esm/html/title-element.d.ts": "e81579998e8268a3653cdf2dc90dccdd572bfcb5644e5f1a32bb1aa107db853c",
    "https://esm.sh/v96/linkedom@0.14.16/types/esm/html/track-element.d.ts": "63fba63c9504f130734bfba63ab3ff54e51b45234d2283367b854cdc82ad45e2",
    "https://esm.sh/v96/linkedom@0.14.16/types/esm/html/u-list-element.d.ts": "bd62f62d2463032396e3f1419a8b5ddfb220fadcddedf7129f87fc2f7ef86e73",
    "https://esm.sh/v96/linkedom@0.14.16/types/esm/html/unknown-element.d.ts": "0c41fb108a65b6342e96d7c99fea70a22c5fbc6c7ddbf4bb030a565fd8d87ad8",
    "https://esm.sh/v96/linkedom@0.14.16/types/esm/html/video-element.d.ts": "ba3ee0bc838d5f3e73f046ecf6c283429c54119b291d23ef8680628b377895fa",
    "https://esm.sh/v96/linkedom@0.14.16/types/esm/index.d.ts": "58d4397286fc0a6f5d8c3d6578856ef224be4e2a20454a010cfdb51715b4f3cd",
    "https://esm.sh/v96/linkedom@0.14.16/types/esm/interface/attr.d.ts": "e482a921ee1d52a58d0a6a38b0ae809d56f0337c0af00dead493a1dbedf0b84b",
    "https://esm.sh/v96/linkedom@0.14.16/types/esm/interface/character-data.d.ts": "ca4fa979cbda03fb04c3750e622e25f1de9f6105c6f5edbe605d613f38d55a7d",
    "https://esm.sh/v96/linkedom@0.14.16/types/esm/interface/comment.d.ts": "41e605477ec2351afd251bebc0f6fe4d70626d02b0bcbee14155fbae406896ef",
    "https://esm.sh/v96/linkedom@0.14.16/types/esm/interface/custom-event.d.ts": "602e060b6aa63bf2d372e754e39108a040c5d4031442f1e614e0d75ed99c311e",
    "https://esm.sh/v96/linkedom@0.14.16/types/esm/interface/document-fragment.d.ts": "d12fc6d3ddb81992d887421afb0eb8b2733a54242861e617f71020a8282349d2",
    "https://esm.sh/v96/linkedom@0.14.16/types/esm/interface/document-type.d.ts": "ba234f9e4fe4cf16982a99e2f4ac94403b7c08056c20b741fb30acfdcc6c4936",
    "https://esm.sh/v96/linkedom@0.14.16/types/esm/interface/document.d.ts": "7c97ad5c03ee08a8d30f38ab5f62cf5c4ee8cd5bb6b92736dcc7aa76c1b744ab",
    "https://esm.sh/v96/linkedom@0.14.16/types/esm/interface/element.d.ts": "37defcced20532b3c232a6c7998b2d46b143652266210bbb2b7571442786d15f",
    "https://esm.sh/v96/linkedom@0.14.16/types/esm/interface/event-target.d.ts": "9e62fe82312dbc8a6b9d19646b0c725e9261d04368f3ea79466dc6a3aee5631c",
    "https://esm.sh/v96/linkedom@0.14.16/types/esm/interface/event.d.ts": "d3fcbd9d89fe1774e5f5fee11b6bf9d3ec5da6b1aede32777f8cc6dc4b91c4b7",
    "https://esm.sh/v96/linkedom@0.14.16/types/esm/interface/input-event.d.ts": "35d488c8642c7411a344cf987efe3bd4db8f3c03796366e21d5bbc2a0f9732f3",
    "https://esm.sh/v96/linkedom@0.14.16/types/esm/interface/node-filter.d.ts": "2bd69d15b31d736ae79b7eaf1ef7c3afafbfc06b133834ff7bcc32392e6532ca",
    "https://esm.sh/v96/linkedom@0.14.16/types/esm/interface/node-list.d.ts": "f863a5b544f2d8d87aeaa3ec7afa3b02e212f5dfc066aebf41baba35696a6ea1",
    "https://esm.sh/v96/linkedom@0.14.16/types/esm/interface/node.d.ts": "3ad81885b5715bdfea5e891a9eb3b2ec41e35b945dcffed14d9d44ce91e1119e",
    "https://esm.sh/v96/linkedom@0.14.16/types/esm/interface/range.d.ts": "c8a3032c9efbb99774c822b9eb6c070f5c6be3accd34bba638213d5235ad3f9d",
    "https://esm.sh/v96/linkedom@0.14.16/types/esm/interface/shadow-root.d.ts": "96529a699f5f89854afd85d7459b35d74fa11518d0ca22cb5d32e302319fb5d3",
    "https://esm.sh/v96/linkedom@0.14.16/types/esm/interface/text.d.ts": "11683771207a5278618f0c35b426032a928e3bf1ce0537e394ec280a84a33785",
    "https://esm.sh/v96/linkedom@0.14.16/types/esm/interface/tree-walker.d.ts": "9c5bcc71b93f1ad7eff8e2bf507be72bb2955a11eab51a207c92cf12c8930ce6",
    "https://esm.sh/v96/linkedom@0.14.16/types/esm/mixin/non-element-parent-node.d.ts": "1d683e9ccbed8b6fbcd13a888edadec24b34637ea2fed0a699d74fff2d292b2e",
    "https://esm.sh/v96/linkedom@0.14.16/types/esm/mixin/parent-node.d.ts": "362df767f8769e15556b98bf28ec28ba2c015bc83920a234adb2c19f82352f9c",
    "https://esm.sh/v96/linkedom@0.14.16/types/esm/shared/constants.d.ts": "8bea98798af7f562283dccbeb08d54c8f2189cccd39e14780a5fda38186562c3",
    "https://esm.sh/v96/linkedom@0.14.16/types/esm/shared/facades.d.ts": "778b38f730bbe14613ba523dc27acaf9f7e9e2c2b3ce55f8aefc0d9feec7530a",
    "https://esm.sh/v96/linkedom@0.14.16/types/esm/shared/html-classes.d.ts": "ce71e0198a0e2604d3970a78d96a5335f48ec02ed9bebed4bde35ae1647110c2",
    "https://esm.sh/v96/linkedom@0.14.16/types/esm/shared/parse-json.d.ts": "05795e5530dbb90eed84938242a49d94588e6b4cedad1396f6867ebba1de3671",
    "https://esm.sh/v96/linkedom@0.14.16/types/esm/shared/symbols.d.ts": "0c2d4f2518cfea21985c2640c8d9d465746481bb9cfbabfcd75e5f7fbeab3a64",
    "https://esm.sh/v96/linkedom@0.14.16/types/esm/svg/document.d.ts": "f2600431b63e35ed333bc824816f43a5b037407e79d1f031004f8bea892eea41",
    "https://esm.sh/v96/linkedom@0.14.16/types/esm/svg/element.d.ts": "c4995ccffb6cfece153fde1ed04abb6ed195e834ea2c5126f15fa7d9b3667030",
    "https://esm.sh/v96/linkedom@0.14.16/types/esm/xml/document.d.ts": "6ba70daf6c217340e7d49cd4789f68563a11d4e4116019454ebc57960a38cc5e",
    "https://esm.sh/v96/mini-svg-data-uri@1.4.4/deno/mini-svg-data-uri.js": "65e6f8e4cc614e1fa5be9520bca451d413ecc2456520a61d2270da3283310394",
    "https://esm.sh/v96/nth-check@2.1.1/deno/nth-check.js": "833e7ffafe43bdcb303074414eebbb45868f68c387c9ddc337e281453fca7f44",
    "https://esm.sh/v96/uhyphen@0.1.0/deno/uhyphen.js": "05a78ded7abcd93e04fed282d654f9fa316f8a576753a9c79a9b150d531821ea",
    "https://esm.sh/v96/web-vitals@2.1.4/deno/web-vitals.js": "97816361aef163cee8ec2c99eda0bc5fa720e1e268084b15a05a0ca341d62973",
    "https://esm.sh/zod@3.17.10": "a499d6423783743e83d63d802efe3d87893903544c0c5fdf3b77879e646b3fe5",
    "https://unpkg.com/lightningcss-wasm@1.14.0/browserslistToTargets.js": "9f4353a4750e014a5a4ccff03b0ab9f306961f7ce34de8f396e7a06f70ecde97",
    "https://unpkg.com/lightningcss-wasm@1.14.0/index.js": "a606086cd57f9ab807dfb7d53b6d67a686893266fbfc6d316815559c74f1d3ed",
    "https://unpkg.com/lightningcss-wasm@1.14.0/lightningcss_node.js": "91e320011406d06d403de9d36ac9cfc3c52a515957fde2122e796a5cfc0fd4ed"
  }
}
